
Microsoft Visual Studio Solution File, Format Version 12.00
# Visual Studio Version 16
VisualStudioVersion = 16.0.28315.86
MinimumVisualStudioVersion = 10.0.40219.1
Project("{2150E333-8FDC-42A3-9474-1A3956D46DE8}") = "Engine", "Engine", "{388EBC6B-A2E7-41CC-AC9A-83EBF732DE11}"
EndProject
Project("{2150E333-8FDC-42A3-9474-1A3956D46DE8}") = "Games", "Games", "{F03F32EC-DE3E-486D-9FBD-B51058FBF5E7}"
EndProject
Project("{8BC9CEB8-8B4A-11D0-8D11-00A0C91BC942}") = "Hominina", "Intermediate\ProjectFiles\Hominina.vcxproj", "{4593DB33-199C-415A-8CFB-388FA52174D1}"
EndProject
Project("{8BC9CEB8-8B4A-11D0-8D11-00A0C91BC942}") = "UE4", "Intermediate\ProjectFiles\UE4.vcxproj", "{75B7B5C2-6A44-43DB-9487-BCF0EBF08B51}"
EndProject
Project("{2150E333-8FDC-42A3-9474-1A3956D46DE8}") = "Visualizers", "Visualizers", "{598AB8DD-940F-4110-AB81-736AB0891F7E}"
	ProjectSection(SolutionItems) = preProject
		..\..\UE_4.23\Engine\Extras\VisualStudioDebugging\UE4.natvis = ..\..\UE_4.23\Engine\Extras\VisualStudioDebugging\UE4.natvis
	EndProjectSection
EndProject
Global
	GlobalSection(SolutionConfigurationPlatforms) = preSolution
		DebugGame Editor|HTML5 = DebugGame Editor|HTML5
		DebugGame Editor|Win32 = DebugGame Editor|Win32
		DebugGame Editor|Win64 = DebugGame Editor|Win64
		DebugGame|HTML5 = DebugGame|HTML5
		DebugGame|Win32 = DebugGame|Win32
		DebugGame|Win64 = DebugGame|Win64
		Development Editor|HTML5 = Development Editor|HTML5
		Development Editor|Win32 = Development Editor|Win32
		Development Editor|Win64 = Development Editor|Win64
		Development|HTML5 = Development|HTML5
		Development|Win32 = Development|Win32
		Development|Win64 = Development|Win64
		Shipping|HTML5 = Shipping|HTML5
		Shipping|Win32 = Shipping|Win32
		Shipping|Win64 = Shipping|Win64
	EndGlobalSection
	GlobalSection(ProjectConfigurationPlatforms) = postSolution
		{4593DB33-199C-415A-8CFB-388FA52174D1}.DebugGame Editor|HTML5.ActiveCfg = Invalid|Win32
		{4593DB33-199C-415A-8CFB-388FA52174D1}.DebugGame Editor|Win32.ActiveCfg = Invalid|Win32
		{4593DB33-199C-415A-8CFB-388FA52174D1}.DebugGame Editor|Win64.ActiveCfg = DebugGame_Editor|x64
		{4593DB33-199C-415A-8CFB-388FA52174D1}.DebugGame Editor|Win64.Build.0 = DebugGame_Editor|x64
		{4593DB33-199C-415A-8CFB-388FA52174D1}.DebugGame|HTML5.ActiveCfg = HTML5_DebugGame|Win32
		{4593DB33-199C-415A-8CFB-388FA52174D1}.DebugGame|HTML5.Build.0 = HTML5_DebugGame|Win32
		{4593DB33-199C-415A-8CFB-388FA52174D1}.DebugGame|Win32.ActiveCfg = DebugGame|Win32
		{4593DB33-199C-415A-8CFB-388FA52174D1}.DebugGame|Win32.Build.0 = DebugGame|Win32
		{4593DB33-199C-415A-8CFB-388FA52174D1}.DebugGame|Win64.ActiveCfg = DebugGame|x64
		{4593DB33-199C-415A-8CFB-388FA52174D1}.DebugGame|Win64.Build.0 = DebugGame|x64
		{4593DB33-199C-415A-8CFB-388FA52174D1}.Development Editor|HTML5.ActiveCfg = Invalid|Win32
		{4593DB33-199C-415A-8CFB-388FA52174D1}.Development Editor|Win32.ActiveCfg = Invalid|Win32
		{4593DB33-199C-415A-8CFB-388FA52174D1}.Development Editor|Win64.ActiveCfg = Development_Editor|x64
		{4593DB33-199C-415A-8CFB-388FA52174D1}.Development Editor|Win64.Build.0 = Development_Editor|x64
		{4593DB33-199C-415A-8CFB-388FA52174D1}.Development|HTML5.ActiveCfg = HTML5_Development|Win32
		{4593DB33-199C-415A-8CFB-388FA52174D1}.Development|HTML5.Build.0 = HTML5_Development|Win32
		{4593DB33-199C-415A-8CFB-388FA52174D1}.Development|Win32.ActiveCfg = Development|Win32
		{4593DB33-199C-415A-8CFB-388FA52174D1}.Development|Win32.Build.0 = Development|Win32
		{4593DB33-199C-415A-8CFB-388FA52174D1}.Development|Win64.ActiveCfg = Development|x64
		{4593DB33-199C-415A-8CFB-388FA52174D1}.Development|Win64.Build.0 = Development|x64
		{4593DB33-199C-415A-8CFB-388FA52174D1}.Shipping|HTML5.ActiveCfg = HTML5_Shipping|Win32
		{4593DB33-199C-415A-8CFB-388FA52174D1}.Shipping|HTML5.Build.0 = HTML5_Shipping|Win32
		{4593DB33-199C-415A-8CFB-388FA52174D1}.Shipping|Win32.ActiveCfg = Shipping|Win32
		{4593DB33-199C-415A-8CFB-388FA52174D1}.Shipping|Win32.Build.0 = Shipping|Win32
		{4593DB33-199C-415A-8CFB-388FA52174D1}.Shipping|Win64.ActiveCfg = Shipping|x64
		{4593DB33-199C-415A-8CFB-388FA52174D1}.Shipping|Win64.Build.0 = Shipping|x64
		{75B7B5C2-6A44-43DB-9487-BCF0EBF08B51}.DebugGame Editor|HTML5.ActiveCfg = BuiltWithUnrealBuildTool|Win32
		{75B7B5C2-6A44-43DB-9487-BCF0EBF08B51}.DebugGame Editor|Win32.ActiveCfg = BuiltWithUnrealBuildTool|Win32
		{75B7B5C2-6A44-43DB-9487-BCF0EBF08B51}.DebugGame Editor|Win64.ActiveCfg = BuiltWithUnrealBuildTool|Win32
		{75B7B5C2-6A44-43DB-9487-BCF0EBF08B51}.DebugGame|HTML5.ActiveCfg = BuiltWithUnrealBuildTool|Win32
		{75B7B5C2-6A44-43DB-9487-BCF0EBF08B51}.DebugGame|Win32.ActiveCfg = BuiltWithUnrealBuildTool|Win32
		{75B7B5C2-6A44-43DB-9487-BCF0EBF08B51}.DebugGame|Win64.ActiveCfg = BuiltWithUnrealBuildTool|Win32
		{75B7B5C2-6A44-43DB-9487-BCF0EBF08B51}.Development Editor|HTML5.ActiveCfg = BuiltWithUnrealBuildTool|Win32
		{75B7B5C2-6A44-43DB-9487-BCF0EBF08B51}.Development Editor|Win32.ActiveCfg = BuiltWithUnrealBuildTool|Win32
		{75B7B5C2-6A44-43DB-9487-BCF0EBF08B51}.Development Editor|Win64.ActiveCfg = BuiltWithUnrealBuildTool|Win32
		{75B7B5C2-6A44-43DB-9487-BCF0EBF08B51}.Development|HTML5.ActiveCfg = BuiltWithUnrealBuildTool|Win32
		{75B7B5C2-6A44-43DB-9487-BCF0EBF08B51}.Development|Win32.ActiveCfg = BuiltWithUnrealBuildTool|Win32
		{75B7B5C2-6A44-43DB-9487-BCF0EBF08B51}.Development|Win64.ActiveCfg = BuiltWithUnrealBuildTool|Win32
		{75B7B5C2-6A44-43DB-9487-BCF0EBF08B51}.Shipping|HTML5.ActiveCfg = BuiltWithUnrealBuildTool|Win32
		{75B7B5C2-6A44-43DB-9487-BCF0EBF08B51}.Shipping|Win32.ActiveCfg = BuiltWithUnrealBuildTool|Win32
		{75B7B5C2-6A44-43DB-9487-BCF0EBF08B51}.Shipping|Win64.ActiveCfg = BuiltWithUnrealBuildTool|Win32
	EndGlobalSection
	GlobalSection(SolutionProperties) = preSolution
		HideSolutionNode = FALSE
	EndGlobalSection
	GlobalSection(NestedProjects) = preSolution
		{75B7B5C2-6A44-43DB-9487-BCF0EBF08B51} = {388EBC6B-A2E7-41CC-AC9A-83EBF732DE11}
		{4593DB33-199C-415A-8CFB-388FA52174D1} = {F03F32EC-DE3E-486D-9FBD-B51058FBF5E7}
	EndGlobalSection
EndGlobal
